// !$*UTF8*$!
{
	archiveVersion = 1;
	classes = {
	};
	objectVersion = 51;
	objects = {

/* Begin PBXBuildFile section */
		4666269D2694A1B10041E4B6 /* AppDelegate.m in Sources */ = {isa = PBXBuildFile; fileRef = 4666269C2694A1B10041E4B6 /* AppDelegate.m */; };
		466626A02694A1B10041E4B6 /* SceneDelegate.m in Sources */ = {isa = PBXBuildFile; fileRef = 4666269F2694A1B10041E4B6 /* SceneDelegate.m */; };
		466626A62694A1B10041E4B6 /* Main.storyboard in Resources */ = {isa = PBXBuildFile; fileRef = 466626A42694A1B10041E4B6 /* Main.storyboard */; };
		466626A82694A1B20041E4B6 /* Assets.xcassets in Resources */ = {isa = PBXBuildFile; fileRef = 466626A72694A1B20041E4B6 /* Assets.xcassets */; };
		466626AB2694A1B20041E4B6 /* LaunchScreen.storyboard in Resources */ = {isa = PBXBuildFile; fileRef = 466626A92694A1B20041E4B6 /* LaunchScreen.storyboard */; };
		466626AE2694A1B20041E4B6 /* main.m in Sources */ = {isa = PBXBuildFile; fileRef = 466626AD2694A1B20041E4B6 /* main.m */; };
		466626B82694A1B20041E4B6 /* InstagramTests.m in Sources */ = {isa = PBXBuildFile; fileRef = 466626B72694A1B20041E4B6 /* InstagramTests.m */; };
		466626C32694A1B20041E4B6 /* InstagramUITests.m in Sources */ = {isa = PBXBuildFile; fileRef = 466626C22694A1B20041E4B6 /* InstagramUITests.m */; };
		46BE14212694D90C006100D8 /* LoginViewController.m in Sources */ = {isa = PBXBuildFile; fileRef = 46BE14202694D90C006100D8 /* LoginViewController.m */; };
		46BE14242694DE47006100D8 /* FeedViewController.m in Sources */ = {isa = PBXBuildFile; fileRef = 46BE14232694DE47006100D8 /* FeedViewController.m */; };
		46BE14272694F289006100D8 /* ComposeViewController.m in Sources */ = {isa = PBXBuildFile; fileRef = 46BE14262694F289006100D8 /* ComposeViewController.m */; };
		46BE142E2694F54D006100D8 /* Post.m in Sources */ = {isa = PBXBuildFile; fileRef = 46BE142D2694F54D006100D8 /* Post.m */; };
		46BE14322694FE10006100D8 /* PostCell.m in Sources */ = {isa = PBXBuildFile; fileRef = 46BE14312694FE10006100D8 /* PostCell.m */; };
		46BE143526952B71006100D8 /* DetailsViewController.m in Sources */ = {isa = PBXBuildFile; fileRef = 46BE143426952B71006100D8 /* DetailsViewController.m */; };
		46BE143826962760006100D8 /* PhotoCollectionViewCell.m in Sources */ = {isa = PBXBuildFile; fileRef = 46BE143726962760006100D8 /* PhotoCollectionViewCell.m */; };
		46BE143B2696278C006100D8 /* UserInfoCollectionViewCell.m in Sources */ = {isa = PBXBuildFile; fileRef = 46BE143A2696278C006100D8 /* UserInfoCollectionViewCell.m */; };
		46BE143E26962821006100D8 /* ProfileViewController.m in Sources */ = {isa = PBXBuildFile; fileRef = 46BE143D26962821006100D8 /* ProfileViewController.m */; };
		46BE1441269668DD006100D8 /* EditProfileViewController.m in Sources */ = {isa = PBXBuildFile; fileRef = 46BE1440269668DD006100D8 /* EditProfileViewController.m */; };
		46BE144726973E05006100D8 /* UserViewController.m in Sources */ = {isa = PBXBuildFile; fileRef = 46BE144626973E05006100D8 /* UserViewController.m */; };
		46BE144A26974257006100D8 /* UserProfileTopCollectionCell.m in Sources */ = {isa = PBXBuildFile; fileRef = 46BE144926974257006100D8 /* UserProfileTopCollectionCell.m */; };
		46BE144D26974287006100D8 /* UserProfilePhotoCollectionCell.m in Sources */ = {isa = PBXBuildFile; fileRef = 46BE144C26974287006100D8 /* UserProfilePhotoCollectionCell.m */; };
		46BE14502697A51B006100D8 /* CommentCell.m in Sources */ = {isa = PBXBuildFile; fileRef = 46BE144F2697A51B006100D8 /* CommentCell.m */; };
		46BE14532697A5B8006100D8 /* CommentsViewController.m in Sources */ = {isa = PBXBuildFile; fileRef = 46BE14522697A5B8006100D8 /* CommentsViewController.m */; };
		46BE14562697AAB2006100D8 /* Comment.m in Sources */ = {isa = PBXBuildFile; fileRef = 46BE14552697AAB2006100D8 /* Comment.m */; };
		46BE14592698D78F006100D8 /* Like.m in Sources */ = {isa = PBXBuildFile; fileRef = 46BE14582698D78F006100D8 /* Like.m */; };
		59FADB3C4E56F21F129F7A36 /* Pods_InstagramTests.framework in Frameworks */ = {isa = PBXBuildFile; fileRef = E293DA034DC9FEFF03313FF1 /* Pods_InstagramTests.framework */; };
		81B60C6FF16A4F5F674FA2BF /* Pods_Instagram_InstagramUITests.framework in Frameworks */ = {isa = PBXBuildFile; fileRef = 95440B36B216912206696C0A /* Pods_Instagram_InstagramUITests.framework */; };
		E29D097370800059D3981FF1 /* Pods_Instagram.framework in Frameworks */ = {isa = PBXBuildFile; fileRef = 5DEE808EA6387B5A79F5C6BA /* Pods_Instagram.framework */; };
/* End PBXBuildFile section */

/* Begin PBXContainerItemProxy section */
		466626B42694A1B20041E4B6 /* PBXContainerItemProxy */ = {
			isa = PBXContainerItemProxy;
			containerPortal = 466626902694A1B10041E4B6 /* Project object */;
			proxyType = 1;
			remoteGlobalIDString = 466626972694A1B10041E4B6;
			remoteInfo = Instagram;
		};
		466626BF2694A1B20041E4B6 /* PBXContainerItemProxy */ = {
			isa = PBXContainerItemProxy;
			containerPortal = 466626902694A1B10041E4B6 /* Project object */;
			proxyType = 1;
			remoteGlobalIDString = 466626972694A1B10041E4B6;
			remoteInfo = Instagram;
		};
/* End PBXContainerItemProxy section */

/* Begin PBXFileReference section */
		1CBE6AE1F4E76BC0D0D2728E /* Pods-InstagramTests.release.xcconfig */ = {isa = PBXFileReference; includeInIndex = 1; lastKnownFileType = text.xcconfig; name = "Pods-InstagramTests.release.xcconfig"; path = "Target Support Files/Pods-InstagramTests/Pods-InstagramTests.release.xcconfig"; sourceTree = "<group>"; };
		368FAF585F390846F6313743 /* Pods-Instagram.debug.xcconfig */ = {isa = PBXFileReference; includeInIndex = 1; lastKnownFileType = text.xcconfig; name = "Pods-Instagram.debug.xcconfig"; path = "Target Support Files/Pods-Instagram/Pods-Instagram.debug.xcconfig"; sourceTree = "<group>"; };
		466626982694A1B10041E4B6 /* Instagram.app */ = {isa = PBXFileReference; explicitFileType = wrapper.application; includeInIndex = 0; path = Instagram.app; sourceTree = BUILT_PRODUCTS_DIR; };
		4666269B2694A1B10041E4B6 /* AppDelegate.h */ = {isa = PBXFileReference; lastKnownFileType = sourcecode.c.h; path = AppDelegate.h; sourceTree = "<group>"; };
		4666269C2694A1B10041E4B6 /* AppDelegate.m */ = {isa = PBXFileReference; lastKnownFileType = sourcecode.c.objc; path = AppDelegate.m; sourceTree = "<group>"; };
		4666269E2694A1B10041E4B6 /* SceneDelegate.h */ = {isa = PBXFileReference; lastKnownFileType = sourcecode.c.h; path = SceneDelegate.h; sourceTree = "<group>"; };
		4666269F2694A1B10041E4B6 /* SceneDelegate.m */ = {isa = PBXFileReference; lastKnownFileType = sourcecode.c.objc; path = SceneDelegate.m; sourceTree = "<group>"; };
		466626A52694A1B10041E4B6 /* Base */ = {isa = PBXFileReference; lastKnownFileType = file.storyboard; name = Base; path = Base.lproj/Main.storyboard; sourceTree = "<group>"; };
		466626A72694A1B20041E4B6 /* Assets.xcassets */ = {isa = PBXFileReference; lastKnownFileType = folder.assetcatalog; path = Assets.xcassets; sourceTree = "<group>"; };
		466626AA2694A1B20041E4B6 /* Base */ = {isa = PBXFileReference; lastKnownFileType = file.storyboard; name = Base; path = Base.lproj/LaunchScreen.storyboard; sourceTree = "<group>"; };
		466626AC2694A1B20041E4B6 /* Info.plist */ = {isa = PBXFileReference; lastKnownFileType = text.plist.xml; path = Info.plist; sourceTree = "<group>"; };
		466626AD2694A1B20041E4B6 /* main.m */ = {isa = PBXFileReference; lastKnownFileType = sourcecode.c.objc; path = main.m; sourceTree = "<group>"; };
		466626B32694A1B20041E4B6 /* InstagramTests.xctest */ = {isa = PBXFileReference; explicitFileType = wrapper.cfbundle; includeInIndex = 0; path = InstagramTests.xctest; sourceTree = BUILT_PRODUCTS_DIR; };
		466626B72694A1B20041E4B6 /* InstagramTests.m */ = {isa = PBXFileReference; lastKnownFileType = sourcecode.c.objc; path = InstagramTests.m; sourceTree = "<group>"; };
		466626B92694A1B20041E4B6 /* Info.plist */ = {isa = PBXFileReference; lastKnownFileType = text.plist.xml; path = Info.plist; sourceTree = "<group>"; };
		466626BE2694A1B20041E4B6 /* InstagramUITests.xctest */ = {isa = PBXFileReference; explicitFileType = wrapper.cfbundle; includeInIndex = 0; path = InstagramUITests.xctest; sourceTree = BUILT_PRODUCTS_DIR; };
		466626C22694A1B20041E4B6 /* InstagramUITests.m */ = {isa = PBXFileReference; lastKnownFileType = sourcecode.c.objc; path = InstagramUITests.m; sourceTree = "<group>"; };
		466626C42694A1B20041E4B6 /* Info.plist */ = {isa = PBXFileReference; lastKnownFileType = text.plist.xml; path = Info.plist; sourceTree = "<group>"; };
		46BE141F2694D90C006100D8 /* LoginViewController.h */ = {isa = PBXFileReference; lastKnownFileType = sourcecode.c.h; path = LoginViewController.h; sourceTree = "<group>"; };
		46BE14202694D90C006100D8 /* LoginViewController.m */ = {isa = PBXFileReference; lastKnownFileType = sourcecode.c.objc; path = LoginViewController.m; sourceTree = "<group>"; };
		46BE14222694DE47006100D8 /* FeedViewController.h */ = {isa = PBXFileReference; lastKnownFileType = sourcecode.c.h; path = FeedViewController.h; sourceTree = "<group>"; };
		46BE14232694DE47006100D8 /* FeedViewController.m */ = {isa = PBXFileReference; lastKnownFileType = sourcecode.c.objc; path = FeedViewController.m; sourceTree = "<group>"; };
		46BE14252694F289006100D8 /* ComposeViewController.h */ = {isa = PBXFileReference; lastKnownFileType = sourcecode.c.h; path = ComposeViewController.h; sourceTree = "<group>"; };
		46BE14262694F289006100D8 /* ComposeViewController.m */ = {isa = PBXFileReference; lastKnownFileType = sourcecode.c.objc; path = ComposeViewController.m; sourceTree = "<group>"; };
		46BE142C2694F54D006100D8 /* Post.h */ = {isa = PBXFileReference; lastKnownFileType = sourcecode.c.h; path = Post.h; sourceTree = "<group>"; };
		46BE142D2694F54D006100D8 /* Post.m */ = {isa = PBXFileReference; lastKnownFileType = sourcecode.c.objc; path = Post.m; sourceTree = "<group>"; };
		46BE14302694FE10006100D8 /* PostCell.h */ = {isa = PBXFileReference; lastKnownFileType = sourcecode.c.h; path = PostCell.h; sourceTree = "<group>"; };
		46BE14312694FE10006100D8 /* PostCell.m */ = {isa = PBXFileReference; lastKnownFileType = sourcecode.c.objc; path = PostCell.m; sourceTree = "<group>"; };
		46BE143326952B71006100D8 /* DetailsViewController.h */ = {isa = PBXFileReference; lastKnownFileType = sourcecode.c.h; path = DetailsViewController.h; sourceTree = "<group>"; };
		46BE143426952B71006100D8 /* DetailsViewController.m */ = {isa = PBXFileReference; lastKnownFileType = sourcecode.c.objc; path = DetailsViewController.m; sourceTree = "<group>"; };
		46BE143626962760006100D8 /* PhotoCollectionViewCell.h */ = {isa = PBXFileReference; lastKnownFileType = sourcecode.c.h; path = PhotoCollectionViewCell.h; sourceTree = "<group>"; };
		46BE143726962760006100D8 /* PhotoCollectionViewCell.m */ = {isa = PBXFileReference; lastKnownFileType = sourcecode.c.objc; path = PhotoCollectionViewCell.m; sourceTree = "<group>"; };
		46BE14392696278C006100D8 /* UserInfoCollectionViewCell.h */ = {isa = PBXFileReference; lastKnownFileType = sourcecode.c.h; path = UserInfoCollectionViewCell.h; sourceTree = "<group>"; };
		46BE143A2696278C006100D8 /* UserInfoCollectionViewCell.m */ = {isa = PBXFileReference; lastKnownFileType = sourcecode.c.objc; path = UserInfoCollectionViewCell.m; sourceTree = "<group>"; };
		46BE143C26962821006100D8 /* ProfileViewController.h */ = {isa = PBXFileReference; lastKnownFileType = sourcecode.c.h; path = ProfileViewController.h; sourceTree = "<group>"; };
		46BE143D26962821006100D8 /* ProfileViewController.m */ = {isa = PBXFileReference; lastKnownFileType = sourcecode.c.objc; path = ProfileViewController.m; sourceTree = "<group>"; };
		46BE143F269668DD006100D8 /* EditProfileViewController.h */ = {isa = PBXFileReference; lastKnownFileType = sourcecode.c.h; path = EditProfileViewController.h; sourceTree = "<group>"; };
		46BE1440269668DD006100D8 /* EditProfileViewController.m */ = {isa = PBXFileReference; lastKnownFileType = sourcecode.c.objc; path = EditProfileViewController.m; sourceTree = "<group>"; };
		46BE144526973E05006100D8 /* UserViewController.h */ = {isa = PBXFileReference; lastKnownFileType = sourcecode.c.h; path = UserViewController.h; sourceTree = "<group>"; };
		46BE144626973E05006100D8 /* UserViewController.m */ = {isa = PBXFileReference; lastKnownFileType = sourcecode.c.objc; path = UserViewController.m; sourceTree = "<group>"; };
		46BE144826974257006100D8 /* UserProfileTopCollectionCell.h */ = {isa = PBXFileReference; lastKnownFileType = sourcecode.c.h; path = UserProfileTopCollectionCell.h; sourceTree = "<group>"; };
		46BE144926974257006100D8 /* UserProfileTopCollectionCell.m */ = {isa = PBXFileReference; lastKnownFileType = sourcecode.c.objc; path = UserProfileTopCollectionCell.m; sourceTree = "<group>"; };
		46BE144B26974287006100D8 /* UserProfilePhotoCollectionCell.h */ = {isa = PBXFileReference; lastKnownFileType = sourcecode.c.h; path = UserProfilePhotoCollectionCell.h; sourceTree = "<group>"; };
		46BE144C26974287006100D8 /* UserProfilePhotoCollectionCell.m */ = {isa = PBXFileReference; lastKnownFileType = sourcecode.c.objc; path = UserProfilePhotoCollectionCell.m; sourceTree = "<group>"; };
		46BE144E2697A51B006100D8 /* CommentCell.h */ = {isa = PBXFileReference; lastKnownFileType = sourcecode.c.h; path = CommentCell.h; sourceTree = "<group>"; };
		46BE144F2697A51B006100D8 /* CommentCell.m */ = {isa = PBXFileReference; lastKnownFileType = sourcecode.c.objc; path = CommentCell.m; sourceTree = "<group>"; };
		46BE14512697A5B8006100D8 /* CommentsViewController.h */ = {isa = PBXFileReference; lastKnownFileType = sourcecode.c.h; path = CommentsViewController.h; sourceTree = "<group>"; };
		46BE14522697A5B8006100D8 /* CommentsViewController.m */ = {isa = PBXFileReference; lastKnownFileType = sourcecode.c.objc; path = CommentsViewController.m; sourceTree = "<group>"; };
		46BE14542697AAB2006100D8 /* Comment.h */ = {isa = PBXFileReference; lastKnownFileType = sourcecode.c.h; path = Comment.h; sourceTree = "<group>"; };
		46BE14552697AAB2006100D8 /* Comment.m */ = {isa = PBXFileReference; lastKnownFileType = sourcecode.c.objc; path = Comment.m; sourceTree = "<group>"; };
		46BE14572698D78F006100D8 /* Like.h */ = {isa = PBXFileReference; lastKnownFileType = sourcecode.c.h; path = Like.h; sourceTree = "<group>"; };
		46BE14582698D78F006100D8 /* Like.m */ = {isa = PBXFileReference; lastKnownFileType = sourcecode.c.objc; path = Like.m; sourceTree = "<group>"; };
		4BF5ABD0863AE0FE564D884C /* Pods-Instagram.release.xcconfig */ = {isa = PBXFileReference; includeInIndex = 1; lastKnownFileType = text.xcconfig; name = "Pods-Instagram.release.xcconfig"; path = "Target Support Files/Pods-Instagram/Pods-Instagram.release.xcconfig"; sourceTree = "<group>"; };
		5DEE808EA6387B5A79F5C6BA /* Pods_Instagram.framework */ = {isa = PBXFileReference; explicitFileType = wrapper.framework; includeInIndex = 0; path = Pods_Instagram.framework; sourceTree = BUILT_PRODUCTS_DIR; };
		644C188E659696AD4A96992C /* Pods-InstagramTests.debug.xcconfig */ = {isa = PBXFileReference; includeInIndex = 1; lastKnownFileType = text.xcconfig; name = "Pods-InstagramTests.debug.xcconfig"; path = "Target Support Files/Pods-InstagramTests/Pods-InstagramTests.debug.xcconfig"; sourceTree = "<group>"; };
		95440B36B216912206696C0A /* Pods_Instagram_InstagramUITests.framework */ = {isa = PBXFileReference; explicitFileType = wrapper.framework; includeInIndex = 0; path = Pods_Instagram_InstagramUITests.framework; sourceTree = BUILT_PRODUCTS_DIR; };
		D1A642DF01343E185339AAA4 /* Pods-Instagram-InstagramUITests.debug.xcconfig */ = {isa = PBXFileReference; includeInIndex = 1; lastKnownFileType = text.xcconfig; name = "Pods-Instagram-InstagramUITests.debug.xcconfig"; path = "Target Support Files/Pods-Instagram-InstagramUITests/Pods-Instagram-InstagramUITests.debug.xcconfig"; sourceTree = "<group>"; };
		E293DA034DC9FEFF03313FF1 /* Pods_InstagramTests.framework */ = {isa = PBXFileReference; explicitFileType = wrapper.framework; includeInIndex = 0; path = Pods_InstagramTests.framework; sourceTree = BUILT_PRODUCTS_DIR; };
		F00AE387A1129A9297F717FE /* Pods-Instagram-InstagramUITests.release.xcconfig */ = {isa = PBXFileReference; includeInIndex = 1; lastKnownFileType = text.xcconfig; name = "Pods-Instagram-InstagramUITests.release.xcconfig"; path = "Target Support Files/Pods-Instagram-InstagramUITests/Pods-Instagram-InstagramUITests.release.xcconfig"; sourceTree = "<group>"; };
/* End PBXFileReference section */

/* Begin PBXFrameworksBuildPhase section */
		466626952694A1B10041E4B6 /* Frameworks */ = {
			isa = PBXFrameworksBuildPhase;
			buildActionMask = 2147483647;
			files = (
				E29D097370800059D3981FF1 /* Pods_Instagram.framework in Frameworks */,
			);
			runOnlyForDeploymentPostprocessing = 0;
		};
		466626B02694A1B20041E4B6 /* Frameworks */ = {
			isa = PBXFrameworksBuildPhase;
			buildActionMask = 2147483647;
			files = (
				59FADB3C4E56F21F129F7A36 /* Pods_InstagramTests.framework in Frameworks */,
			);
			runOnlyForDeploymentPostprocessing = 0;
		};
		466626BB2694A1B20041E4B6 /* Frameworks */ = {
			isa = PBXFrameworksBuildPhase;
			buildActionMask = 2147483647;
			files = (
				81B60C6FF16A4F5F674FA2BF /* Pods_Instagram_InstagramUITests.framework in Frameworks */,
			);
			runOnlyForDeploymentPostprocessing = 0;
		};
/* End PBXFrameworksBuildPhase section */

/* Begin PBXGroup section */
		4666268F2694A1B10041E4B6 = {
			isa = PBXGroup;
			children = (
				4666269A2694A1B10041E4B6 /* Instagram */,
				466626B62694A1B20041E4B6 /* InstagramTests */,
				466626C12694A1B20041E4B6 /* InstagramUITests */,
				466626992694A1B10041E4B6 /* Products */,
				F03A76081916B27EAFCC325D /* Pods */,
				74F0E35E053328F3B4CC0E92 /* Frameworks */,
			);
			sourceTree = "<group>";
		};
		466626992694A1B10041E4B6 /* Products */ = {
			isa = PBXGroup;
			children = (
				466626982694A1B10041E4B6 /* Instagram.app */,
				466626B32694A1B20041E4B6 /* InstagramTests.xctest */,
				466626BE2694A1B20041E4B6 /* InstagramUITests.xctest */,
			);
			name = Products;
			sourceTree = "<group>";
		};
		4666269A2694A1B10041E4B6 /* Instagram */ = {
			isa = PBXGroup;
			children = (
				46BE142F2694FDFF006100D8 /* Views */,
				46BE14282694F51C006100D8 /* Models */,
				46BE141E2694D8EA006100D8 /* View Controllers */,
				4666269B2694A1B10041E4B6 /* AppDelegate.h */,
				4666269C2694A1B10041E4B6 /* AppDelegate.m */,
				4666269E2694A1B10041E4B6 /* SceneDelegate.h */,
				4666269F2694A1B10041E4B6 /* SceneDelegate.m */,
				466626A42694A1B10041E4B6 /* Main.storyboard */,
				466626A72694A1B20041E4B6 /* Assets.xcassets */,
				466626A92694A1B20041E4B6 /* LaunchScreen.storyboard */,
				466626AC2694A1B20041E4B6 /* Info.plist */,
				466626AD2694A1B20041E4B6 /* main.m */,
			);
			path = Instagram;
			sourceTree = "<group>";
		};
		466626B62694A1B20041E4B6 /* InstagramTests */ = {
			isa = PBXGroup;
			children = (
				466626B72694A1B20041E4B6 /* InstagramTests.m */,
				466626B92694A1B20041E4B6 /* Info.plist */,
			);
			path = InstagramTests;
			sourceTree = "<group>";
		};
		466626C12694A1B20041E4B6 /* InstagramUITests */ = {
			isa = PBXGroup;
			children = (
				466626C22694A1B20041E4B6 /* InstagramUITests.m */,
				466626C42694A1B20041E4B6 /* Info.plist */,
			);
			path = InstagramUITests;
			sourceTree = "<group>";
		};
		46BE141E2694D8EA006100D8 /* View Controllers */ = {
			isa = PBXGroup;
			children = (
				46BE141F2694D90C006100D8 /* LoginViewController.h */,
				46BE14202694D90C006100D8 /* LoginViewController.m */,
				46BE14222694DE47006100D8 /* FeedViewController.h */,
				46BE14232694DE47006100D8 /* FeedViewController.m */,
				46BE14252694F289006100D8 /* ComposeViewController.h */,
				46BE14262694F289006100D8 /* ComposeViewController.m */,
				46BE143326952B71006100D8 /* DetailsViewController.h */,
				46BE143426952B71006100D8 /* DetailsViewController.m */,
				46BE143C26962821006100D8 /* ProfileViewController.h */,
				46BE143D26962821006100D8 /* ProfileViewController.m */,
				46BE143F269668DD006100D8 /* EditProfileViewController.h */,
				46BE1440269668DD006100D8 /* EditProfileViewController.m */,
				46BE144526973E05006100D8 /* UserViewController.h */,
				46BE144626973E05006100D8 /* UserViewController.m */,
				46BE14512697A5B8006100D8 /* CommentsViewController.h */,
				46BE14522697A5B8006100D8 /* CommentsViewController.m */,
			);
			path = "View Controllers";
			sourceTree = "<group>";
		};
		46BE14282694F51C006100D8 /* Models */ = {
			isa = PBXGroup;
			children = (
				46BE142C2694F54D006100D8 /* Post.h */,
				46BE142D2694F54D006100D8 /* Post.m */,
				46BE14542697AAB2006100D8 /* Comment.h */,
				46BE14552697AAB2006100D8 /* Comment.m */,
				46BE14572698D78F006100D8 /* Like.h */,
				46BE14582698D78F006100D8 /* Like.m */,
			);
			path = Models;
			sourceTree = "<group>";
		};
		46BE142F2694FDFF006100D8 /* Views */ = {
			isa = PBXGroup;
			children = (
				46BE14302694FE10006100D8 /* PostCell.h */,
				46BE14312694FE10006100D8 /* PostCell.m */,
				46BE143626962760006100D8 /* PhotoCollectionViewCell.h */,
				46BE143726962760006100D8 /* PhotoCollectionViewCell.m */,
				46BE14392696278C006100D8 /* UserInfoCollectionViewCell.h */,
				46BE143A2696278C006100D8 /* UserInfoCollectionViewCell.m */,
				46BE144826974257006100D8 /* UserProfileTopCollectionCell.h */,
				46BE144926974257006100D8 /* UserProfileTopCollectionCell.m */,
				46BE144B26974287006100D8 /* UserProfilePhotoCollectionCell.h */,
				46BE144C26974287006100D8 /* UserProfilePhotoCollectionCell.m */,
				46BE144E2697A51B006100D8 /* CommentCell.h */,
				46BE144F2697A51B006100D8 /* CommentCell.m */,
			);
			path = Views;
			sourceTree = "<group>";
		};
		74F0E35E053328F3B4CC0E92 /* Frameworks */ = {
			isa = PBXGroup;
			children = (
				5DEE808EA6387B5A79F5C6BA /* Pods_Instagram.framework */,
				95440B36B216912206696C0A /* Pods_Instagram_InstagramUITests.framework */,
				E293DA034DC9FEFF03313FF1 /* Pods_InstagramTests.framework */,
			);
			name = Frameworks;
			sourceTree = "<group>";
		};
		F03A76081916B27EAFCC325D /* Pods */ = {
			isa = PBXGroup;
			children = (
				368FAF585F390846F6313743 /* Pods-Instagram.debug.xcconfig */,
				4BF5ABD0863AE0FE564D884C /* Pods-Instagram.release.xcconfig */,
				D1A642DF01343E185339AAA4 /* Pods-Instagram-InstagramUITests.debug.xcconfig */,
				F00AE387A1129A9297F717FE /* Pods-Instagram-InstagramUITests.release.xcconfig */,
				644C188E659696AD4A96992C /* Pods-InstagramTests.debug.xcconfig */,
				1CBE6AE1F4E76BC0D0D2728E /* Pods-InstagramTests.release.xcconfig */,
			);
			path = Pods;
			sourceTree = "<group>";
		};
/* End PBXGroup section */

/* Begin PBXNativeTarget section */
		466626972694A1B10041E4B6 /* Instagram */ = {
			isa = PBXNativeTarget;
			buildConfigurationList = 466626C72694A1B20041E4B6 /* Build configuration list for PBXNativeTarget "Instagram" */;
			buildPhases = (
				9A0E48C1BE6163665EF27ED1 /* [CP] Check Pods Manifest.lock */,
				466626942694A1B10041E4B6 /* Sources */,
				466626952694A1B10041E4B6 /* Frameworks */,
				466626962694A1B10041E4B6 /* Resources */,
				54116CC4DB767E4D451774C8 /* [CP] Embed Pods Frameworks */,
			);
			buildRules = (
			);
			dependencies = (
			);
			name = Instagram;
			productName = Instagram;
			productReference = 466626982694A1B10041E4B6 /* Instagram.app */;
			productType = "com.apple.product-type.application";
		};
		466626B22694A1B20041E4B6 /* InstagramTests */ = {
			isa = PBXNativeTarget;
			buildConfigurationList = 466626CA2694A1B20041E4B6 /* Build configuration list for PBXNativeTarget "InstagramTests" */;
			buildPhases = (
				B4866BAB45726C49E4C4F68A /* [CP] Check Pods Manifest.lock */,
				466626AF2694A1B20041E4B6 /* Sources */,
				466626B02694A1B20041E4B6 /* Frameworks */,
				466626B12694A1B20041E4B6 /* Resources */,
			);
			buildRules = (
			);
			dependencies = (
				466626B52694A1B20041E4B6 /* PBXTargetDependency */,
			);
			name = InstagramTests;
			productName = InstagramTests;
			productReference = 466626B32694A1B20041E4B6 /* InstagramTests.xctest */;
			productType = "com.apple.product-type.bundle.unit-test";
		};
		466626BD2694A1B20041E4B6 /* InstagramUITests */ = {
			isa = PBXNativeTarget;
			buildConfigurationList = 466626CD2694A1B20041E4B6 /* Build configuration list for PBXNativeTarget "InstagramUITests" */;
			buildPhases = (
				70C1A667096C3A6FC701CEB4 /* [CP] Check Pods Manifest.lock */,
				466626BA2694A1B20041E4B6 /* Sources */,
				466626BB2694A1B20041E4B6 /* Frameworks */,
				466626BC2694A1B20041E4B6 /* Resources */,
				648E8B662DF68F1D266E3372 /* [CP] Embed Pods Frameworks */,
			);
			buildRules = (
			);
			dependencies = (
				466626C02694A1B20041E4B6 /* PBXTargetDependency */,
			);
			name = InstagramUITests;
			productName = InstagramUITests;
			productReference = 466626BE2694A1B20041E4B6 /* InstagramUITests.xctest */;
			productType = "com.apple.product-type.bundle.ui-testing";
		};
/* End PBXNativeTarget section */

/* Begin PBXProject section */
		466626902694A1B10041E4B6 /* Project object */ = {
			isa = PBXProject;
			attributes = {
				LastUpgradeCheck = 1250;
				TargetAttributes = {
					466626972694A1B10041E4B6 = {
						CreatedOnToolsVersion = 12.5.1;
					};
					466626B22694A1B20041E4B6 = {
						CreatedOnToolsVersion = 12.5.1;
						TestTargetID = 466626972694A1B10041E4B6;
					};
					466626BD2694A1B20041E4B6 = {
						CreatedOnToolsVersion = 12.5.1;
						TestTargetID = 466626972694A1B10041E4B6;
					};
				};
			};
			buildConfigurationList = 466626932694A1B10041E4B6 /* Build configuration list for PBXProject "Instagram" */;
			compatibilityVersion = "Xcode 9.3";
			developmentRegion = en;
			hasScannedForEncodings = 0;
			knownRegions = (
				en,
				Base,
			);
			mainGroup = 4666268F2694A1B10041E4B6;
			productRefGroup = 466626992694A1B10041E4B6 /* Products */;
			projectDirPath = "";
			projectRoot = "";
			targets = (
				466626972694A1B10041E4B6 /* Instagram */,
				466626B22694A1B20041E4B6 /* InstagramTests */,
				466626BD2694A1B20041E4B6 /* InstagramUITests */,
			);
		};
/* End PBXProject section */

/* Begin PBXResourcesBuildPhase section */
		466626962694A1B10041E4B6 /* Resources */ = {
			isa = PBXResourcesBuildPhase;
			buildActionMask = 2147483647;
			files = (
				466626AB2694A1B20041E4B6 /* LaunchScreen.storyboard in Resources */,
				466626A82694A1B20041E4B6 /* Assets.xcassets in Resources */,
				466626A62694A1B10041E4B6 /* Main.storyboard in Resources */,
			);
			runOnlyForDeploymentPostprocessing = 0;
		};
		466626B12694A1B20041E4B6 /* Resources */ = {
			isa = PBXResourcesBuildPhase;
			buildActionMask = 2147483647;
			files = (
			);
			runOnlyForDeploymentPostprocessing = 0;
		};
		466626BC2694A1B20041E4B6 /* Resources */ = {
			isa = PBXResourcesBuildPhase;
			buildActionMask = 2147483647;
			files = (
			);
			runOnlyForDeploymentPostprocessing = 0;
		};
/* End PBXResourcesBuildPhase section */

/* Begin PBXShellScriptBuildPhase section */
		54116CC4DB767E4D451774C8 /* [CP] Embed Pods Frameworks */ = {
			isa = PBXShellScriptBuildPhase;
			buildActionMask = 2147483647;
			files = (
			);
			inputFileListPaths = (
				"${PODS_ROOT}/Target Support Files/Pods-Instagram/Pods-Instagram-frameworks-${CONFIGURATION}-input-files.xcfilelist",
			);
			name = "[CP] Embed Pods Frameworks";
			outputFileListPaths = (
				"${PODS_ROOT}/Target Support Files/Pods-Instagram/Pods-Instagram-frameworks-${CONFIGURATION}-output-files.xcfilelist",
			);
			runOnlyForDeploymentPostprocessing = 0;
			shellPath = /bin/sh;
			shellScript = "\"${PODS_ROOT}/Target Support Files/Pods-Instagram/Pods-Instagram-frameworks.sh\"\n";
			showEnvVarsInLog = 0;
		};
		648E8B662DF68F1D266E3372 /* [CP] Embed Pods Frameworks */ = {
			isa = PBXShellScriptBuildPhase;
			buildActionMask = 2147483647;
			files = (
			);
			inputFileListPaths = (
				"${PODS_ROOT}/Target Support Files/Pods-Instagram-InstagramUITests/Pods-Instagram-InstagramUITests-frameworks-${CONFIGURATION}-input-files.xcfilelist",
			);
			name = "[CP] Embed Pods Frameworks";
			outputFileListPaths = (
				"${PODS_ROOT}/Target Support Files/Pods-Instagram-InstagramUITests/Pods-Instagram-InstagramUITests-frameworks-${CONFIGURATION}-output-files.xcfilelist",
			);
			runOnlyForDeploymentPostprocessing = 0;
			shellPath = /bin/sh;
			shellScript = "\"${PODS_ROOT}/Target Support Files/Pods-Instagram-InstagramUITests/Pods-Instagram-InstagramUITests-frameworks.sh\"\n";
			showEnvVarsInLog = 0;
		};
		70C1A667096C3A6FC701CEB4 /* [CP] Check Pods Manifest.lock */ = {
			isa = PBXShellScriptBuildPhase;
			buildActionMask = 2147483647;
			files = (
			);
			inputFileListPaths = (
			);
			inputPaths = (
				"${PODS_PODFILE_DIR_PATH}/Podfile.lock",
				"${PODS_ROOT}/Manifest.lock",
			);
			name = "[CP] Check Pods Manifest.lock";
			outputFileListPaths = (
			);
			outputPaths = (
				"$(DERIVED_FILE_DIR)/Pods-Instagram-InstagramUITests-checkManifestLockResult.txt",
			);
			runOnlyForDeploymentPostprocessing = 0;
			shellPath = /bin/sh;
			shellScript = "diff \"${PODS_PODFILE_DIR_PATH}/Podfile.lock\" \"${PODS_ROOT}/Manifest.lock\" > /dev/null\nif [ $? != 0 ] ; then\n    # print error to STDERR\n    echo \"error: The sandbox is not in sync with the Podfile.lock. Run 'pod install' or update your CocoaPods installation.\" >&2\n    exit 1\nfi\n# This output is used by Xcode 'outputs' to avoid re-running this script phase.\necho \"SUCCESS\" > \"${SCRIPT_OUTPUT_FILE_0}\"\n";
			showEnvVarsInLog = 0;
		};
		9A0E48C1BE6163665EF27ED1 /* [CP] Check Pods Manifest.lock */ = {
			isa = PBXShellScriptBuildPhase;
			buildActionMask = 2147483647;
			files = (
			);
			inputFileListPaths = (
			);
			inputPaths = (
				"${PODS_PODFILE_DIR_PATH}/Podfile.lock",
				"${PODS_ROOT}/Manifest.lock",
			);
			name = "[CP] Check Pods Manifest.lock";
			outputFileListPaths = (
			);
			outputPaths = (
				"$(DERIVED_FILE_DIR)/Pods-Instagram-checkManifestLockResult.txt",
			);
			runOnlyForDeploymentPostprocessing = 0;
			shellPath = /bin/sh;
			shellScript = "diff \"${PODS_PODFILE_DIR_PATH}/Podfile.lock\" \"${PODS_ROOT}/Manifest.lock\" > /dev/null\nif [ $? != 0 ] ; then\n    # print error to STDERR\n    echo \"error: The sandbox is not in sync with the Podfile.lock. Run 'pod install' or update your CocoaPods installation.\" >&2\n    exit 1\nfi\n# This output is used by Xcode 'outputs' to avoid re-running this script phase.\necho \"SUCCESS\" > \"${SCRIPT_OUTPUT_FILE_0}\"\n";
			showEnvVarsInLog = 0;
		};
		B4866BAB45726C49E4C4F68A /* [CP] Check Pods Manifest.lock */ = {
			isa = PBXShellScriptBuildPhase;
			buildActionMask = 2147483647;
			files = (
			);
			inputFileListPaths = (
			);
			inputPaths = (
				"${PODS_PODFILE_DIR_PATH}/Podfile.lock",
				"${PODS_ROOT}/Manifest.lock",
			);
			name = "[CP] Check Pods Manifest.lock";
			outputFileListPaths = (
			);
			outputPaths = (
				"$(DERIVED_FILE_DIR)/Pods-InstagramTests-checkManifestLockResult.txt",
			);
			runOnlyForDeploymentPostprocessing = 0;
			shellPath = /bin/sh;
			shellScript = "diff \"${PODS_PODFILE_DIR_PATH}/Podfile.lock\" \"${PODS_ROOT}/Manifest.lock\" > /dev/null\nif [ $? != 0 ] ; then\n    # print error to STDERR\n    echo \"error: The sandbox is not in sync with the Podfile.lock. Run 'pod install' or update your CocoaPods installation.\" >&2\n    exit 1\nfi\n# This output is used by Xcode 'outputs' to avoid re-running this script phase.\necho \"SUCCESS\" > \"${SCRIPT_OUTPUT_FILE_0}\"\n";
			showEnvVarsInLog = 0;
		};
/* End PBXShellScriptBuildPhase section */

/* Begin PBXSourcesBuildPhase section */
		466626942694A1B10041E4B6 /* Sources */ = {
			isa = PBXSourcesBuildPhase;
			buildActionMask = 2147483647;
			files = (
				46BE14212694D90C006100D8 /* LoginViewController.m in Sources */,
				46BE14242694DE47006100D8 /* FeedViewController.m in Sources */,
				46BE144D26974287006100D8 /* UserProfilePhotoCollectionCell.m in Sources */,
				4666269D2694A1B10041E4B6 /* AppDelegate.m in Sources */,
				46BE143826962760006100D8 /* PhotoCollectionViewCell.m in Sources */,
				46BE14322694FE10006100D8 /* PostCell.m in Sources */,
				46BE14272694F289006100D8 /* ComposeViewController.m in Sources */,
				466626AE2694A1B20041E4B6 /* main.m in Sources */,
				46BE144726973E05006100D8 /* UserViewController.m in Sources */,
				46BE143526952B71006100D8 /* DetailsViewController.m in Sources */,
				46BE14592698D78F006100D8 /* Like.m in Sources */,
				46BE1441269668DD006100D8 /* EditProfileViewController.m in Sources */,
				466626A02694A1B10041E4B6 /* SceneDelegate.m in Sources */,
				46BE143B2696278C006100D8 /* UserInfoCollectionViewCell.m in Sources */,
				46BE144A26974257006100D8 /* UserProfileTopCollectionCell.m in Sources */,
				46BE14532697A5B8006100D8 /* CommentsViewController.m in Sources */,
				46BE143E26962821006100D8 /* ProfileViewController.m in Sources */,
				46BE14502697A51B006100D8 /* CommentCell.m in Sources */,
				46BE142E2694F54D006100D8 /* Post.m in Sources */,
				46BE14562697AAB2006100D8 /* Comment.m in Sources */,
			);
			runOnlyForDeploymentPostprocessing = 0;
		};
		466626AF2694A1B20041E4B6 /* Sources */ = {
			isa = PBXSourcesBuildPhase;
			buildActionMask = 2147483647;
			files = (
				466626B82694A1B20041E4B6 /* InstagramTests.m in Sources */,
			);
			runOnlyForDeploymentPostprocessing = 0;
		};
		466626BA2694A1B20041E4B6 /* Sources */ = {
			isa = PBXSourcesBuildPhase;
			buildActionMask = 2147483647;
			files = (
				466626C32694A1B20041E4B6 /* InstagramUITests.m in Sources */,
			);
			runOnlyForDeploymentPostprocessing = 0;
		};
/* End PBXSourcesBuildPhase section */

/* Begin PBXTargetDependency section */
		466626B52694A1B20041E4B6 /* PBXTargetDependency */ = {
			isa = PBXTargetDependency;
			target = 466626972694A1B10041E4B6 /* Instagram */;
			targetProxy = 466626B42694A1B20041E4B6 /* PBXContainerItemProxy */;
		};
		466626C02694A1B20041E4B6 /* PBXTargetDependency */ = {
			isa = PBXTargetDependency;
			target = 466626972694A1B10041E4B6 /* Instagram */;
			targetProxy = 466626BF2694A1B20041E4B6 /* PBXContainerItemProxy */;
		};
/* End PBXTargetDependency section */

/* Begin PBXVariantGroup section */
		466626A42694A1B10041E4B6 /* Main.storyboard */ = {
			isa = PBXVariantGroup;
			children = (
				466626A52694A1B10041E4B6 /* Base */,
			);
			name = Main.storyboard;
			sourceTree = "<group>";
		};
		466626A92694A1B20041E4B6 /* LaunchScreen.storyboard */ = {
			isa = PBXVariantGroup;
			children = (
				466626AA2694A1B20041E4B6 /* Base */,
			);
			name = LaunchScreen.storyboard;
			sourceTree = "<group>";
		};
/* End PBXVariantGroup section */

/* Begin XCBuildConfiguration section */
		466626C52694A1B20041E4B6 /* Debug */ = {
			isa = XCBuildConfiguration;
			buildSettings = {
				ALWAYS_SEARCH_USER_PATHS = NO;
				CLANG_ANALYZER_NONNULL = YES;
				CLANG_ANALYZER_NUMBER_OBJECT_CONVERSION = YES_AGGRESSIVE;
				CLANG_CXX_LANGUAGE_STANDARD = "gnu++14";
				CLANG_CXX_LIBRARY = "libc++";
				CLANG_ENABLE_MODULES = YES;
				CLANG_ENABLE_OBJC_ARC = YES;
				CLANG_ENABLE_OBJC_WEAK = YES;
				CLANG_WARN_BLOCK_CAPTURE_AUTORELEASING = YES;
				CLANG_WARN_BOOL_CONVERSION = YES;
				CLANG_WARN_COMMA = YES;
				CLANG_WARN_CONSTANT_CONVERSION = YES;
				CLANG_WARN_DEPRECATED_OBJC_IMPLEMENTATIONS = YES;
				CLANG_WARN_DIRECT_OBJC_ISA_USAGE = YES_ERROR;
				CLANG_WARN_DOCUMENTATION_COMMENTS = YES;
				CLANG_WARN_EMPTY_BODY = YES;
				CLANG_WARN_ENUM_CONVERSION = YES;
				CLANG_WARN_INFINITE_RECURSION = YES;
				CLANG_WARN_INT_CONVERSION = YES;
				CLANG_WARN_NON_LITERAL_NULL_CONVERSION = YES;
				CLANG_WARN_OBJC_IMPLICIT_RETAIN_SELF = YES;
				CLANG_WARN_OBJC_LITERAL_CONVERSION = YES;
				CLANG_WARN_OBJC_ROOT_CLASS = YES_ERROR;
				CLANG_WARN_QUOTED_INCLUDE_IN_FRAMEWORK_HEADER = YES;
				CLANG_WARN_RANGE_LOOP_ANALYSIS = YES;
				CLANG_WARN_STRICT_PROTOTYPES = YES;
				CLANG_WARN_SUSPICIOUS_MOVE = YES;
				CLANG_WARN_UNGUARDED_AVAILABILITY = YES_AGGRESSIVE;
				CLANG_WARN_UNREACHABLE_CODE = YES;
				CLANG_WARN__DUPLICATE_METHOD_MATCH = YES;
				COPY_PHASE_STRIP = NO;
				DEBUG_INFORMATION_FORMAT = dwarf;
				ENABLE_STRICT_OBJC_MSGSEND = YES;
				ENABLE_TESTABILITY = YES;
				GCC_C_LANGUAGE_STANDARD = gnu11;
				GCC_DYNAMIC_NO_PIC = NO;
				GCC_NO_COMMON_BLOCKS = YES;
				GCC_OPTIMIZATION_LEVEL = 0;
				GCC_PREPROCESSOR_DEFINITIONS = (
					"DEBUG=1",
					"$(inherited)",
				);
				GCC_WARN_64_TO_32_BIT_CONVERSION = YES;
				GCC_WARN_ABOUT_RETURN_TYPE = YES_ERROR;
				GCC_WARN_UNDECLARED_SELECTOR = YES;
				GCC_WARN_UNINITIALIZED_AUTOS = YES_AGGRESSIVE;
				GCC_WARN_UNUSED_FUNCTION = YES;
				GCC_WARN_UNUSED_VARIABLE = YES;
				IPHONEOS_DEPLOYMENT_TARGET = 14.5;
				MTL_ENABLE_DEBUG_INFO = INCLUDE_SOURCE;
				MTL_FAST_MATH = YES;
				ONLY_ACTIVE_ARCH = YES;
				SDKROOT = iphoneos;
			};
			name = Debug;
		};
		466626C62694A1B20041E4B6 /* Release */ = {
			isa = XCBuildConfiguration;
			buildSettings = {
				ALWAYS_SEARCH_USER_PATHS = NO;
				CLANG_ANALYZER_NONNULL = YES;
				CLANG_ANALYZER_NUMBER_OBJECT_CONVERSION = YES_AGGRESSIVE;
				CLANG_CXX_LANGUAGE_STANDARD = "gnu++14";
				CLANG_CXX_LIBRARY = "libc++";
				CLANG_ENABLE_MODULES = YES;
				CLANG_ENABLE_OBJC_ARC = YES;
				CLANG_ENABLE_OBJC_WEAK = YES;
				CLANG_WARN_BLOCK_CAPTURE_AUTORELEASING = YES;
				CLANG_WARN_BOOL_CONVERSION = YES;
				CLANG_WARN_COMMA = YES;
				CLANG_WARN_CONSTANT_CONVERSION = YES;
				CLANG_WARN_DEPRECATED_OBJC_IMPLEMENTATIONS = YES;
				CLANG_WARN_DIRECT_OBJC_ISA_USAGE = YES_ERROR;
				CLANG_WARN_DOCUMENTATION_COMMENTS = YES;
				CLANG_WARN_EMPTY_BODY = YES;
				CLANG_WARN_ENUM_CONVERSION = YES;
				CLANG_WARN_INFINITE_RECURSION = YES;
				CLANG_WARN_INT_CONVERSION = YES;
				CLANG_WARN_NON_LITERAL_NULL_CONVERSION = YES;
				CLANG_WARN_OBJC_IMPLICIT_RETAIN_SELF = YES;
				CLANG_WARN_OBJC_LITERAL_CONVERSION = YES;
				CLANG_WARN_OBJC_ROOT_CLASS = YES_ERROR;
				CLANG_WARN_QUOTED_INCLUDE_IN_FRAMEWORK_HEADER = YES;
				CLANG_WARN_RANGE_LOOP_ANALYSIS = YES;
				CLANG_WARN_STRICT_PROTOTYPES = YES;
				CLANG_WARN_SUSPICIOUS_MOVE = YES;
				CLANG_WARN_UNGUARDED_AVAILABILITY = YES_AGGRESSIVE;
				CLANG_WARN_UNREACHABLE_CODE = YES;
				CLANG_WARN__DUPLICATE_METHOD_MATCH = YES;
				COPY_PHASE_STRIP = NO;
				DEBUG_INFORMATION_FORMAT = "dwarf-with-dsym";
				ENABLE_NS_ASSERTIONS = NO;
				ENABLE_STRICT_OBJC_MSGSEND = YES;
				GCC_C_LANGUAGE_STANDARD = gnu11;
				GCC_NO_COMMON_BLOCKS = YES;
				GCC_WARN_64_TO_32_BIT_CONVERSION = YES;
				GCC_WARN_ABOUT_RETURN_TYPE = YES_ERROR;
				GCC_WARN_UNDECLARED_SELECTOR = YES;
				GCC_WARN_UNINITIALIZED_AUTOS = YES_AGGRESSIVE;
				GCC_WARN_UNUSED_FUNCTION = YES;
				GCC_WARN_UNUSED_VARIABLE = YES;
				IPHONEOS_DEPLOYMENT_TARGET = 14.5;
				MTL_ENABLE_DEBUG_INFO = NO;
				MTL_FAST_MATH = YES;
				SDKROOT = iphoneos;
				VALIDATE_PRODUCT = YES;
			};
			name = Release;
		};
		466626C82694A1B20041E4B6 /* Debug */ = {
			isa = XCBuildConfiguration;
			baseConfigurationReference = 368FAF585F390846F6313743 /* Pods-Instagram.debug.xcconfig */;
			buildSettings = {
				ASSETCATALOG_COMPILER_APPICON_NAME = AppIcon;
				ASSETCATALOG_COMPILER_GLOBAL_ACCENT_COLOR_NAME = AccentColor;
				CODE_SIGN_STYLE = Automatic;
				DEVELOPMENT_TEAM = DTY9TBD24Y;
				INFOPLIST_FILE = Instagram/Info.plist;
				IPHONEOS_DEPLOYMENT_TARGET = 14.5;
				LD_RUNPATH_SEARCH_PATHS = (
					"$(inherited)",
					"@executable_path/Frameworks",
				);
				PRODUCT_BUNDLE_IDENTIFIER = com.ava.crnkovic.Instagram;
				PRODUCT_NAME = "$(TARGET_NAME)";
				TARGETED_DEVICE_FAMILY = 1;
			};
			name = Debug;
		};
		466626C92694A1B20041E4B6 /* Release */ = {
			isa = XCBuildConfiguration;
			baseConfigurationReference = 4BF5ABD0863AE0FE564D884C /* Pods-Instagram.release.xcconfig */;
			buildSettings = {
				ASSETCATALOG_COMPILER_APPICON_NAME = AppIcon;
				ASSETCATALOG_COMPILER_GLOBAL_ACCENT_COLOR_NAME = AccentColor;
				CODE_SIGN_STYLE = Automatic;
				DEVELOPMENT_TEAM = DTY9TBD24Y;
				INFOPLIST_FILE = Instagram/Info.plist;
				IPHONEOS_DEPLOYMENT_TARGET = 14.5;
				LD_RUNPATH_SEARCH_PATHS = (
					"$(inherited)",
					"@executable_path/Frameworks",
				);
				PRODUCT_BUNDLE_IDENTIFIER = com.ava.crnkovic.Instagram;
				PRODUCT_NAME = "$(TARGET_NAME)";
				TARGETED_DEVICE_FAMILY = 1;
			};
			name = Release;
		};
		466626CB2694A1B20041E4B6 /* Debug */ = {
			isa = XCBuildConfiguration;
			baseConfigurationReference = 644C188E659696AD4A96992C /* Pods-InstagramTests.debug.xcconfig */;
			buildSettings = {
				BUNDLE_LOADER = "$(TEST_HOST)";
				CODE_SIGN_STYLE = Automatic;
				DEVELOPMENT_TEAM = DTY9TBD24Y;
				INFOPLIST_FILE = InstagramTests/Info.plist;
				IPHONEOS_DEPLOYMENT_TARGET = 14.5;
				LD_RUNPATH_SEARCH_PATHS = (
					"$(inherited)",
					"@executable_path/Frameworks",
					"@loader_path/Frameworks",
				);
				PRODUCT_BUNDLE_IDENTIFIER = com.ava.crnkovic.InstagramTests;
				PRODUCT_NAME = "$(TARGET_NAME)";
				TARGETED_DEVICE_FAMILY = "1,2";
				TEST_HOST = "$(BUILT_PRODUCTS_DIR)/Instagram.app/Instagram";
			};
			name = Debug;
		};
		466626CC2694A1B20041E4B6 /* Release */ = {
			isa = XCBuildConfiguration;
			baseConfigurationReference = 1CBE6AE1F4E76BC0D0D2728E /* Pods-InstagramTests.release.xcconfig */;
			buildSettings = {
				BUNDLE_LOADER = "$(TEST_HOST)";
				CODE_SIGN_STYLE = Automatic;
				DEVELOPMENT_TEAM = DTY9TBD24Y;
				INFOPLIST_FILE = InstagramTests/Info.plist;
				IPHONEOS_DEPLOYMENT_TARGET = 14.5;
				LD_RUNPATH_SEARCH_PATHS = (
					"$(inherited)",
					"@executable_path/Frameworks",
					"@loader_path/Frameworks",
				);
				PRODUCT_BUNDLE_IDENTIFIER = com.ava.crnkovic.InstagramTests;
				PRODUCT_NAME = "$(TARGET_NAME)";
				TARGETED_DEVICE_FAMILY = "1,2";
				TEST_HOST = "$(BUILT_PRODUCTS_DIR)/Instagram.app/Instagram";
			};
			name = Release;
		};
		466626CE2694A1B20041E4B6 /* Debug */ = {
			isa = XCBuildConfiguration;
			baseConfigurationReference = D1A642DF01343E185339AAA4 /* Pods-Instagram-InstagramUITests.debug.xcconfig */;
			buildSettings = {
				CODE_SIGN_STYLE = Automatic;
				DEVELOPMENT_TEAM = DTY9TBD24Y;
				INFOPLIST_FILE = InstagramUITests/Info.plist;
				LD_RUNPATH_SEARCH_PATHS = (
					"$(inherited)",
					"@executable_path/Frameworks",
					"@loader_path/Frameworks",
				);
				PRODUCT_BUNDLE_IDENTIFIER = com.ava.crnkovic.InstagramUITests;
				PRODUCT_NAME = "$(TARGET_NAME)";
				TARGETED_DEVICE_FAMILY = "1,2";
				TEST_TARGET_NAME = Instagram;
			};
			name = Debug;
		};
		466626CF2694A1B20041E4B6 /* Release */ = {
			isa = XCBuildConfiguration;
			baseConfigurationReference = F00AE387A1129A9297F717FE /* Pods-Instagram-InstagramUITests.release.xcconfig */;
			buildSettings = {
				CODE_SIGN_STYLE = Automatic;
				DEVELOPMENT_TEAM = DTY9TBD24Y;
				INFOPLIST_FILE = InstagramUITests/Info.plist;
				LD_RUNPATH_SEARCH_PATHS = (
					"$(inherited)",
					"@executable_path/Frameworks",
					"@loader_path/Frameworks",
				);
				PRODUCT_BUNDLE_IDENTIFIER = com.ava.crnkovic.InstagramUITests;
				PRODUCT_NAME = "$(TARGET_NAME)";
				TARGETED_DEVICE_FAMILY = "1,2";
				TEST_TARGET_NAME = Instagram;
			};
			name = Release;
		};
/* End XCBuildConfiguration section */

/* Begin XCConfigurationList section */
		466626932694A1B10041E4B6 /* Build configuration list for PBXProject "Instagram" */ = {
			isa = XCConfigurationList;
			buildConfigurations = (
				466626C52694A1B20041E4B6 /* Debug */,
				466626C62694A1B20041E4B6 /* Release */,
			);
			defaultConfigurationIsVisible = 0;
			defaultConfigurationName = Release;
		};
		466626C72694A1B20041E4B6 /* Build configuration list for PBXNativeTarget "Instagram" */ = {
			isa = XCConfigurationList;
			buildConfigurations = (
				466626C82694A1B20041E4B6 /* Debug */,
				466626C92694A1B20041E4B6 /* Release */,
			);
			defaultConfigurationIsVisible = 0;
			defaultConfigurationName = Release;
		};
		466626CA2694A1B20041E4B6 /* Build configuration list for PBXNativeTarget "InstagramTests" */ = {
			isa = XCConfigurationList;
			buildConfigurations = (
				466626CB2694A1B20041E4B6 /* Debug */,
				466626CC2694A1B20041E4B6 /* Release */,
			);
			defaultConfigurationIsVisible = 0;
			defaultConfigurationName = Release;
		};
		466626CD2694A1B20041E4B6 /* Build configuration list for PBXNativeTarget "InstagramUITests" */ = {
			isa = XCConfigurationList;
			buildConfigurations = (
				466626CE2694A1B20041E4B6 /* Debug */,
				466626CF2694A1B20041E4B6 /* Release */,
			);
			defaultConfigurationIsVisible = 0;
			defaultConfigurationName = Release;
		};
/* End XCConfigurationList section */
	};
	rootObject = 466626902694A1B10041E4B6 /* Project object */;
}
